
Microsoft Visual Studio Solution File, Format Version 12.00
# Visual Studio Version 17
VisualStudioVersion = 17.7.34031.279
MinimumVisualStudioVersion = 10.0.40219.1
Project("{FAE04EC0-301F-11D3-BF4B-00C04F79EFBC}") = "ShieldStore", "ShieldStore\ShieldStore.csproj", "{71D2474A-013F-4079-BCB6-2D5E6D962931}"
EndProject
Global
	GlobalSection(SolutionConfigurationPlatforms) = preSolution
		Debug|Any CPU = Debug|Any CPU
		Release|Any CPU = Release|Any CPU
	EndGlobalSection
	GlobalSection(ProjectConfigurationPlatforms) = postSolution
		{71D2474A-013F-4079-BCB6-2D5E6D962931}.Debug|Any CPU.ActiveCfg = Debug|Any CPU
		{71D2474A-013F-4079-BCB6-2D5E6D962931}.Debug|Any CPU.Build.0 = Debug|Any CPU
		{71D2474A-013F-4079-BCB6-2D5E6D962931}.Release|Any CPU.ActiveCfg = Release|Any CPU
		{71D2474A-013F-4079-BCB6-2D5E6D962931}.Release|Any CPU.Build.0 = Release|Any CPU
	EndGlobalSection
	GlobalSection(SolutionProperties) = preSolution
		HideSolutionNode = FALSE
	EndGlobalSection
	GlobalSection(ExtensibilityGlobals) = postSolution
		SolutionGuid = {04366506-71AA-4000-A3AF-5AC1F22A5B3E}
	EndGlobalSection
EndGlobal
